
Microsoft Visual Studio Solution File, Format Version 12.00
# Visual Studio Version 17
VisualStudioVersion = 17.8.34511.84
MinimumVisualStudioVersion = 10.0.40219.1
Project("{FAE04EC0-301F-11D3-BF4B-00C04F79EFBC}") = "planning-poker-frontend", "planning-poker-frontend.csproj", "{A8214DFB-9992-4CDC-B596-CA04BE5AE358}"
EndProject
Global
	GlobalSection(SolutionConfigurationPlatforms) = preSolution
		Debug|Any CPU = Debug|Any CPU
		Release|Any CPU = Release|Any CPU
	EndGlobalSection
	GlobalSection(ProjectConfigurationPlatforms) = postSolution
		{A8214DFB-9992-4CDC-B596-CA04BE5AE358}.Debug|Any CPU.ActiveCfg = Debug|Any CPU
		{A8214DFB-9992-4CDC-B596-CA04BE5AE358}.Debug|Any CPU.Build.0 = Debug|Any CPU
		{A8214DFB-9992-4CDC-B596-CA04BE5AE358}.Release|Any CPU.ActiveCfg = Release|Any CPU
		{A8214DFB-9992-4CDC-B596-CA04BE5AE358}.Release|Any CPU.Build.0 = Release|Any CPU
	EndGlobalSection
	GlobalSection(SolutionProperties) = preSolution
		HideSolutionNode = FALSE
	EndGlobalSection
	GlobalSection(ExtensibilityGlobals) = postSolution
		SolutionGuid = {D2911742-C97F-43C0-8767-3E528651BFB5}
	EndGlobalSection
EndGlobal
